
Microsoft Visual Studio Solution File, Format Version 12.00
# Visual Studio Version 17
VisualStudioVersion = 17.7.34221.43
MinimumVisualStudioVersion = 10.0.40219.1
Project("{FAE04EC0-301F-11D3-BF4B-00C04F79EFBC}") = "ASP.NET Core Web API", "ASP.NET Core Web API\ASP.NET Core Web API.csproj", "{1A652147-7E7A-463B-A086-A6F8E0CEB003}"
EndProject
Global
	GlobalSection(SolutionConfigurationPlatforms) = preSolution
		Debug|Any CPU = Debug|Any CPU
		Release|Any CPU = Release|Any CPU
	EndGlobalSection
	GlobalSection(ProjectConfigurationPlatforms) = postSolution
		{1A652147-7E7A-463B-A086-A6F8E0CEB003}.Debug|Any CPU.ActiveCfg = Debug|Any CPU
		{1A652147-7E7A-463B-A086-A6F8E0CEB003}.Debug|Any CPU.Build.0 = Debug|Any CPU
		{1A652147-7E7A-463B-A086-A6F8E0CEB003}.Release|Any CPU.ActiveCfg = Release|Any CPU
		{1A652147-7E7A-463B-A086-A6F8E0CEB003}.Release|Any CPU.Build.0 = Release|Any CPU
	EndGlobalSection
	GlobalSection(SolutionProperties) = preSolution
		HideSolutionNode = FALSE
	EndGlobalSection
	GlobalSection(ExtensibilityGlobals) = postSolution
		SolutionGuid = {FA440B92-029D-41C0-98F4-A1ECE13FA9FB}
	EndGlobalSection
EndGlobal
